// !$*UTF8*$!
{
	archiveVersion = 1;
	classes = {
	};
	objectVersion = 56;
	objects = {

/* Begin PBXBuildFile section */
		1F704B252AF394EC00FA9025 /* Theme.swift in Sources */ = {isa = PBXBuildFile; fileRef = 1F704B242AF394EC00FA9025 /* Theme.swift */; };
		1F704B272AF3955600FA9025 /* DailyScrum.swift in Sources */ = {isa = PBXBuildFile; fileRef = 1F704B262AF3955600FA9025 /* DailyScrum.swift */; };
		1F704B2A2AF3959800FA9025 /* CardView.swift in Sources */ = {isa = PBXBuildFile; fileRef = 1F704B292AF3959800FA9025 /* CardView.swift */; };
		1FB9BE962AF0EE2D00F3023E /* ScrumdingerApp.swift in Sources */ = {isa = PBXBuildFile; fileRef = 1FB9BE952AF0EE2D00F3023E /* ScrumdingerApp.swift */; };
		1FB9BE982AF0EE2D00F3023E /* MeetingView.swift in Sources */ = {isa = PBXBuildFile; fileRef = 1FB9BE972AF0EE2D00F3023E /* MeetingView.swift */; };
		1FB9BE9A2AF0EE2F00F3023E /* Assets.xcassets in Resources */ = {isa = PBXBuildFile; fileRef = 1FB9BE992AF0EE2F00F3023E /* Assets.xcassets */; };
		1FB9BE9D2AF0EE2F00F3023E /* Preview Assets.xcassets in Resources */ = {isa = PBXBuildFile; fileRef = 1FB9BE9C2AF0EE2F00F3023E /* Preview Assets.xcassets */; };
		1FB9BEA72AF0EE2F00F3023E /* ScrumdingerTests.swift in Sources */ = {isa = PBXBuildFile; fileRef = 1FB9BEA62AF0EE2F00F3023E /* ScrumdingerTests.swift */; };
		1FB9BEB12AF0EE2F00F3023E /* ScrumdingerUITests.swift in Sources */ = {isa = PBXBuildFile; fileRef = 1FB9BEB02AF0EE2F00F3023E /* ScrumdingerUITests.swift */; };
		1FB9BEB32AF0EE2F00F3023E /* ScrumdingerUITestsLaunchTests.swift in Sources */ = {isa = PBXBuildFile; fileRef = 1FB9BEB22AF0EE2F00F3023E /* ScrumdingerUITestsLaunchTests.swift */; };
/* End PBXBuildFile section */

/* Begin PBXContainerItemProxy section */
		1FB9BEA32AF0EE2F00F3023E /* PBXContainerItemProxy */ = {
			isa = PBXContainerItemProxy;
			containerPortal = 1FB9BE8A2AF0EE2D00F3023E /* Project object */;
			proxyType = 1;
			remoteGlobalIDString = 1FB9BE912AF0EE2D00F3023E;
			remoteInfo = Scrumdinger;
		};
		1FB9BEAD2AF0EE2F00F3023E /* PBXContainerItemProxy */ = {
			isa = PBXContainerItemProxy;
			containerPortal = 1FB9BE8A2AF0EE2D00F3023E /* Project object */;
			proxyType = 1;
			remoteGlobalIDString = 1FB9BE912AF0EE2D00F3023E;
			remoteInfo = Scrumdinger;
		};
/* End PBXContainerItemProxy section */

/* Begin PBXFileReference section */
		1F704B242AF394EC00FA9025 /* Theme.swift */ = {isa = PBXFileReference; lastKnownFileType = sourcecode.swift; path = Theme.swift; sourceTree = "<group>"; };
		1F704B262AF3955600FA9025 /* DailyScrum.swift */ = {isa = PBXFileReference; lastKnownFileType = sourcecode.swift; path = DailyScrum.swift; sourceTree = "<group>"; };
		1F704B292AF3959800FA9025 /* CardView.swift */ = {isa = PBXFileReference; lastKnownFileType = sourcecode.swift; path = CardView.swift; sourceTree = "<group>"; };
		1FB9BE922AF0EE2D00F3023E /* Scrumdinger.app */ = {isa = PBXFileReference; explicitFileType = wrapper.application; includeInIndex = 0; path = Scrumdinger.app; sourceTree = BUILT_PRODUCTS_DIR; };
		1FB9BE952AF0EE2D00F3023E /* ScrumdingerApp.swift */ = {isa = PBXFileReference; lastKnownFileType = sourcecode.swift; path = ScrumdingerApp.swift; sourceTree = "<group>"; };
		1FB9BE972AF0EE2D00F3023E /* MeetingView.swift */ = {isa = PBXFileReference; lastKnownFileType = sourcecode.swift; path = MeetingView.swift; sourceTree = "<group>"; };
		1FB9BE992AF0EE2F00F3023E /* Assets.xcassets */ = {isa = PBXFileReference; lastKnownFileType = folder.assetcatalog; path = Assets.xcassets; sourceTree = "<group>"; };
		1FB9BE9C2AF0EE2F00F3023E /* Preview Assets.xcassets */ = {isa = PBXFileReference; lastKnownFileType = folder.assetcatalog; path = "Preview Assets.xcassets"; sourceTree = "<group>"; };
		1FB9BEA22AF0EE2F00F3023E /* ScrumdingerTests.xctest */ = {isa = PBXFileReference; explicitFileType = wrapper.cfbundle; includeInIndex = 0; path = ScrumdingerTests.xctest; sourceTree = BUILT_PRODUCTS_DIR; };
		1FB9BEA62AF0EE2F00F3023E /* ScrumdingerTests.swift */ = {isa = PBXFileReference; lastKnownFileType = sourcecode.swift; path = ScrumdingerTests.swift; sourceTree = "<group>"; };
		1FB9BEAC2AF0EE2F00F3023E /* ScrumdingerUITests.xctest */ = {isa = PBXFileReference; explicitFileType = wrapper.cfbundle; includeInIndex = 0; path = ScrumdingerUITests.xctest; sourceTree = BUILT_PRODUCTS_DIR; };
		1FB9BEB02AF0EE2F00F3023E /* ScrumdingerUITests.swift */ = {isa = PBXFileReference; lastKnownFileType = sourcecode.swift; path = ScrumdingerUITests.swift; sourceTree = "<group>"; };
		1FB9BEB22AF0EE2F00F3023E /* ScrumdingerUITestsLaunchTests.swift */ = {isa = PBXFileReference; lastKnownFileType = sourcecode.swift; path = ScrumdingerUITestsLaunchTests.swift; sourceTree = "<group>"; };
/* End PBXFileReference section */

/* Begin PBXFrameworksBuildPhase section */
		1FB9BE8F2AF0EE2D00F3023E /* Frameworks */ = {
			isa = PBXFrameworksBuildPhase;
			buildActionMask = 2147483647;
			files = (
			);
			runOnlyForDeploymentPostprocessing = 0;
		};
		1FB9BE9F2AF0EE2F00F3023E /* Frameworks */ = {
			isa = PBXFrameworksBuildPhase;
			buildActionMask = 2147483647;
			files = (
			);
			runOnlyForDeploymentPostprocessing = 0;
		};
		1FB9BEA92AF0EE2F00F3023E /* Frameworks */ = {
			isa = PBXFrameworksBuildPhase;
			buildActionMask = 2147483647;
			files = (
			);
			runOnlyForDeploymentPostprocessing = 0;
		};
/* End PBXFrameworksBuildPhase section */

/* Begin PBXGroup section */
		1F704B1F2AF390E200FA9025 /* Views */ = {
			isa = PBXGroup;
			children = (
				1F704B282AF3959000FA9025 /* Card */,
				1F704B222AF3911000FA9025 /* Meeting */,
			);
			path = Views;
			sourceTree = "<group>";
		};
		1F704B202AF390E900FA9025 /* Model */ = {
			isa = PBXGroup;
			children = (
				1F704B242AF394EC00FA9025 /* Theme.swift */,
				1F704B262AF3955600FA9025 /* DailyScrum.swift */,
			);
			path = Model;
			sourceTree = "<group>";
		};
		1F704B212AF390ED00FA9025 /* Main */ = {
			isa = PBXGroup;
			children = (
				1FB9BE992AF0EE2F00F3023E /* Assets.xcassets */,
				1FB9BE952AF0EE2D00F3023E /* ScrumdingerApp.swift */,
			);
			path = Main;
			sourceTree = "<group>";
		};
		1F704B222AF3911000FA9025 /* Meeting */ = {
			isa = PBXGroup;
			children = (
				1FB9BE972AF0EE2D00F3023E /* MeetingView.swift */,
			);
			path = Meeting;
			sourceTree = "<group>";
		};
		1F704B232AF3912700FA9025 /* Extensions */ = {
			isa = PBXGroup;
			children = (
			);
			path = Extensions;
			sourceTree = "<group>";
		};
		1F704B282AF3959000FA9025 /* Card */ = {
			isa = PBXGroup;
			children = (
				1F704B292AF3959800FA9025 /* CardView.swift */,
			);
			path = Card;
			sourceTree = "<group>";
		};
		1FB9BE892AF0EE2D00F3023E = {
			isa = PBXGroup;
			children = (
				1FB9BE942AF0EE2D00F3023E /* Scrumdinger */,
				1FB9BEA52AF0EE2F00F3023E /* ScrumdingerTests */,
				1FB9BEAF2AF0EE2F00F3023E /* ScrumdingerUITests */,
				1FB9BE932AF0EE2D00F3023E /* Products */,
			);
			sourceTree = "<group>";
		};
		1FB9BE932AF0EE2D00F3023E /* Products */ = {
			isa = PBXGroup;
			children = (
				1FB9BE922AF0EE2D00F3023E /* Scrumdinger.app */,
				1FB9BEA22AF0EE2F00F3023E /* ScrumdingerTests.xctest */,
				1FB9BEAC2AF0EE2F00F3023E /* ScrumdingerUITests.xctest */,
			);
			name = Products;
			sourceTree = "<group>";
		};
		1FB9BE942AF0EE2D00F3023E /* Scrumdinger */ = {
			isa = PBXGroup;
			children = (
				1F704B232AF3912700FA9025 /* Extensions */,
				1F704B212AF390ED00FA9025 /* Main */,
				1F704B202AF390E900FA9025 /* Model */,
				1F704B1F2AF390E200FA9025 /* Views */,
				1FB9BE9B2AF0EE2F00F3023E /* Preview Content */,
			);
			path = Scrumdinger;
			sourceTree = "<group>";
		};
		1FB9BE9B2AF0EE2F00F3023E /* Preview Content */ = {
			isa = PBXGroup;
			children = (
				1FB9BE9C2AF0EE2F00F3023E /* Preview Assets.xcassets */,
			);
			path = "Preview Content";
			sourceTree = "<group>";
		};
		1FB9BEA52AF0EE2F00F3023E /* ScrumdingerTests */ = {
			isa = PBXGroup;
			children = (
				1FB9BEA62AF0EE2F00F3023E /* ScrumdingerTests.swift */,
			);
			path = ScrumdingerTests;
			sourceTree = "<group>";
		};
		1FB9BEAF2AF0EE2F00F3023E /* ScrumdingerUITests */ = {
			isa = PBXGroup;
			children = (
				1FB9BEB02AF0EE2F00F3023E /* ScrumdingerUITests.swift */,
				1FB9BEB22AF0EE2F00F3023E /* ScrumdingerUITestsLaunchTests.swift */,
			);
			path = ScrumdingerUITests;
			sourceTree = "<group>";
		};
/* End PBXGroup section */

/* Begin PBXNativeTarget section */
		1FB9BE912AF0EE2D00F3023E /* Scrumdinger */ = {
			isa = PBXNativeTarget;
			buildConfigurationList = 1FB9BEB62AF0EE2F00F3023E /* Build configuration list for PBXNativeTarget "Scrumdinger" */;
			buildPhases = (
				1FB9BE8E2AF0EE2D00F3023E /* Sources */,
				1FB9BE8F2AF0EE2D00F3023E /* Frameworks */,
				1FB9BE902AF0EE2D00F3023E /* Resources */,
			);
			buildRules = (
			);
			dependencies = (
			);
			name = Scrumdinger;
			productName = Scrumdinger;
			productReference = 1FB9BE922AF0EE2D00F3023E /* Scrumdinger.app */;
			productType = "com.apple.product-type.application";
		};
		1FB9BEA12AF0EE2F00F3023E /* ScrumdingerTests */ = {
			isa = PBXNativeTarget;
			buildConfigurationList = 1FB9BEB92AF0EE2F00F3023E /* Build configuration list for PBXNativeTarget "ScrumdingerTests" */;
			buildPhases = (
				1FB9BE9E2AF0EE2F00F3023E /* Sources */,
				1FB9BE9F2AF0EE2F00F3023E /* Frameworks */,
				1FB9BEA02AF0EE2F00F3023E /* Resources */,
			);
			buildRules = (
			);
			dependencies = (
				1FB9BEA42AF0EE2F00F3023E /* PBXTargetDependency */,
			);
			name = ScrumdingerTests;
			productName = ScrumdingerTests;
			productReference = 1FB9BEA22AF0EE2F00F3023E /* ScrumdingerTests.xctest */;
			productType = "com.apple.product-type.bundle.unit-test";
		};
		1FB9BEAB2AF0EE2F00F3023E /* ScrumdingerUITests */ = {
			isa = PBXNativeTarget;
			buildConfigurationList = 1FB9BEBC2AF0EE2F00F3023E /* Build configuration list for PBXNativeTarget "ScrumdingerUITests" */;
			buildPhases = (
				1FB9BEA82AF0EE2F00F3023E /* Sources */,
				1FB9BEA92AF0EE2F00F3023E /* Frameworks */,
				1FB9BEAA2AF0EE2F00F3023E /* Resources */,
			);
			buildRules = (
			);
			dependencies = (
				1FB9BEAE2AF0EE2F00F3023E /* PBXTargetDependency */,
			);
			name = ScrumdingerUITests;
			productName = ScrumdingerUITests;
			productReference = 1FB9BEAC2AF0EE2F00F3023E /* ScrumdingerUITests.xctest */;
			productType = "com.apple.product-type.bundle.ui-testing";
		};
/* End PBXNativeTarget section */

/* Begin PBXProject section */
		1FB9BE8A2AF0EE2D00F3023E /* Project object */ = {
			isa = PBXProject;
			attributes = {
				BuildIndependentTargetsInParallel = 1;
				LastSwiftUpdateCheck = 1500;
				LastUpgradeCheck = 1500;
				TargetAttributes = {
					1FB9BE912AF0EE2D00F3023E = {
						CreatedOnToolsVersion = 15.0.1;
					};
					1FB9BEA12AF0EE2F00F3023E = {
						CreatedOnToolsVersion = 15.0.1;
						TestTargetID = 1FB9BE912AF0EE2D00F3023E;
					};
					1FB9BEAB2AF0EE2F00F3023E = {
						CreatedOnToolsVersion = 15.0.1;
						TestTargetID = 1FB9BE912AF0EE2D00F3023E;
					};
				};
			};
			buildConfigurationList = 1FB9BE8D2AF0EE2D00F3023E /* Build configuration list for PBXProject "Scrumdinger" */;
			compatibilityVersion = "Xcode 14.0";
			developmentRegion = en;
			hasScannedForEncodings = 0;
			knownRegions = (
				en,
				Base,
			);
			mainGroup = 1FB9BE892AF0EE2D00F3023E;
			productRefGroup = 1FB9BE932AF0EE2D00F3023E /* Products */;
			projectDirPath = "";
			projectRoot = "";
			targets = (
				1FB9BE912AF0EE2D00F3023E /* Scrumdinger */,
				1FB9BEA12AF0EE2F00F3023E /* ScrumdingerTests */,
				1FB9BEAB2AF0EE2F00F3023E /* ScrumdingerUITests */,
			);
		};
/* End PBXProject section */

/* Begin PBXResourcesBuildPhase section */
		1FB9BE902AF0EE2D00F3023E /* Resources */ = {
			isa = PBXResourcesBuildPhase;
			buildActionMask = 2147483647;
			files = (
				1FB9BE9D2AF0EE2F00F3023E /* Preview Assets.xcassets in Resources */,
				1FB9BE9A2AF0EE2F00F3023E /* Assets.xcassets in Resources */,
			);
			runOnlyForDeploymentPostprocessing = 0;
		};
		1FB9BEA02AF0EE2F00F3023E /* Resources */ = {
			isa = PBXResourcesBuildPhase;
			buildActionMask = 2147483647;
			files = (
			);
			runOnlyForDeploymentPostprocessing = 0;
		};
		1FB9BEAA2AF0EE2F00F3023E /* Resources */ = {
			isa = PBXResourcesBuildPhase;
			buildActionMask = 2147483647;
			files = (
			);
			runOnlyForDeploymentPostprocessing = 0;
		};
/* End PBXResourcesBuildPhase section */

/* Begin PBXSourcesBuildPhase section */
		1FB9BE8E2AF0EE2D00F3023E /* Sources */ = {
			isa = PBXSourcesBuildPhase;
			buildActionMask = 2147483647;
			files = (
				1F704B272AF3955600FA9025 /* DailyScrum.swift in Sources */,
				1F704B252AF394EC00FA9025 /* Theme.swift in Sources */,
				1FB9BE982AF0EE2D00F3023E /* MeetingView.swift in Sources */,
				1FB9BE962AF0EE2D00F3023E /* ScrumdingerApp.swift in Sources */,
				1F704B2A2AF3959800FA9025 /* CardView.swift in Sources */,
			);
			runOnlyForDeploymentPostprocessing = 0;
		};
		1FB9BE9E2AF0EE2F00F3023E /* Sources */ = {
			isa = PBXSourcesBuildPhase;
			buildActionMask = 2147483647;
			files = (
				1FB9BEA72AF0EE2F00F3023E /* ScrumdingerTests.swift in Sources */,
			);
			runOnlyForDeploymentPostprocessing = 0;
		};
		1FB9BEA82AF0EE2F00F3023E /* Sources */ = {
			isa = PBXSourcesBuildPhase;
			buildActionMask = 2147483647;
			files = (
				1FB9BEB32AF0EE2F00F3023E /* ScrumdingerUITestsLaunchTests.swift in Sources */,
				1FB9BEB12AF0EE2F00F3023E /* ScrumdingerUITests.swift in Sources */,
			);
			runOnlyForDeploymentPostprocessing = 0;
		};
/* End PBXSourcesBuildPhase section */

/* Begin PBXTargetDependency section */
		1FB9BEA42AF0EE2F00F3023E /* PBXTargetDependency */ = {
			isa = PBXTargetDependency;
			target = 1FB9BE912AF0EE2D00F3023E /* Scrumdinger */;
			targetProxy = 1FB9BEA32AF0EE2F00F3023E /* PBXContainerItemProxy */;
		};
		1FB9BEAE2AF0EE2F00F3023E /* PBXTargetDependency */ = {
			isa = PBXTargetDependency;
			target = 1FB9BE912AF0EE2D00F3023E /* Scrumdinger */;
			targetProxy = 1FB9BEAD2AF0EE2F00F3023E /* PBXContainerItemProxy */;
		};
/* End PBXTargetDependency section */

/* Begin XCBuildConfiguration section */
		1FB9BEB42AF0EE2F00F3023E /* Debug */ = {
			isa = XCBuildConfiguration;
			buildSettings = {
				ALWAYS_SEARCH_USER_PATHS = NO;
				ASSETCATALOG_COMPILER_GENERATE_SWIFT_ASSET_SYMBOL_EXTENSIONS = YES;
				CLANG_ANALYZER_NONNULL = YES;
				CLANG_ANALYZER_NUMBER_OBJECT_CONVERSION = YES_AGGRESSIVE;
				CLANG_CXX_LANGUAGE_STANDARD = "gnu++20";
				CLANG_ENABLE_MODULES = YES;
				CLANG_ENABLE_OBJC_ARC = YES;
				CLANG_ENABLE_OBJC_WEAK = YES;
				CLANG_WARN_BLOCK_CAPTURE_AUTORELEASING = YES;
				CLANG_WARN_BOOL_CONVERSION = YES;
				CLANG_WARN_COMMA = YES;
				CLANG_WARN_CONSTANT_CONVERSION = YES;
				CLANG_WARN_DEPRECATED_OBJC_IMPLEMENTATIONS = YES;
				CLANG_WARN_DIRECT_OBJC_ISA_USAGE = YES_ERROR;
				CLANG_WARN_DOCUMENTATION_COMMENTS = YES;
				CLANG_WARN_EMPTY_BODY = YES;
				CLANG_WARN_ENUM_CONVERSION = YES;
				CLANG_WARN_INFINITE_RECURSION = YES;
				CLANG_WARN_INT_CONVERSION = YES;
				CLANG_WARN_NON_LITERAL_NULL_CONVERSION = YES;
				CLANG_WARN_OBJC_IMPLICIT_RETAIN_SELF = YES;
				CLANG_WARN_OBJC_LITERAL_CONVERSION = YES;
				CLANG_WARN_OBJC_ROOT_CLASS = YES_ERROR;
				CLANG_WARN_QUOTED_INCLUDE_IN_FRAMEWORK_HEADER = YES;
				CLANG_WARN_RANGE_LOOP_ANALYSIS = YES;
				CLANG_WARN_STRICT_PROTOTYPES = YES;
				CLANG_WARN_SUSPICIOUS_MOVE = YES;
				CLANG_WARN_UNGUARDED_AVAILABILITY = YES_AGGRESSIVE;
				CLANG_WARN_UNREACHABLE_CODE = YES;
				CLANG_WARN__DUPLICATE_METHOD_MATCH = YES;
				COPY_PHASE_STRIP = NO;
				DEBUG_INFORMATION_FORMAT = dwarf;
				ENABLE_STRICT_OBJC_MSGSEND = YES;
				ENABLE_TESTABILITY = YES;
				ENABLE_USER_SCRIPT_SANDBOXING = YES;
				GCC_C_LANGUAGE_STANDARD = gnu17;
				GCC_DYNAMIC_NO_PIC = NO;
				GCC_NO_COMMON_BLOCKS = YES;
				GCC_OPTIMIZATION_LEVEL = 0;
				GCC_PREPROCESSOR_DEFINITIONS = (
					"DEBUG=1",
					"$(inherited)",
				);
				GCC_WARN_64_TO_32_BIT_CONVERSION = YES;
				GCC_WARN_ABOUT_RETURN_TYPE = YES_ERROR;
				GCC_WARN_UNDECLARED_SELECTOR = YES;
				GCC_WARN_UNINITIALIZED_AUTOS = YES_AGGRESSIVE;
				GCC_WARN_UNUSED_FUNCTION = YES;
				GCC_WARN_UNUSED_VARIABLE = YES;
				IPHONEOS_DEPLOYMENT_TARGET = 17.0;
				LOCALIZATION_PREFERS_STRING_CATALOGS = YES;
				MTL_ENABLE_DEBUG_INFO = INCLUDE_SOURCE;
				MTL_FAST_MATH = YES;
				ONLY_ACTIVE_ARCH = YES;
				SDKROOT = iphoneos;
				SWIFT_ACTIVE_COMPILATION_CONDITIONS = "DEBUG $(inherited)";
				SWIFT_OPTIMIZATION_LEVEL = "-Onone";
			};
			name = Debug;
		};
		1FB9BEB52AF0EE2F00F3023E /* Release */ = {
			isa = XCBuildConfiguration;
			buildSettings = {
				ALWAYS_SEARCH_USER_PATHS = NO;
				ASSETCATALOG_COMPILER_GENERATE_SWIFT_ASSET_SYMBOL_EXTENSIONS = YES;
				CLANG_ANALYZER_NONNULL = YES;
				CLANG_ANALYZER_NUMBER_OBJECT_CONVERSION = YES_AGGRESSIVE;
				CLANG_CXX_LANGUAGE_STANDARD = "gnu++20";
				CLANG_ENABLE_MODULES = YES;
				CLANG_ENABLE_OBJC_ARC = YES;
				CLANG_ENABLE_OBJC_WEAK = YES;
				CLANG_WARN_BLOCK_CAPTURE_AUTORELEASING = YES;
				CLANG_WARN_BOOL_CONVERSION = YES;
				CLANG_WARN_COMMA = YES;
				CLANG_WARN_CONSTANT_CONVERSION = YES;
				CLANG_WARN_DEPRECATED_OBJC_IMPLEMENTATIONS = YES;
				CLANG_WARN_DIRECT_OBJC_ISA_USAGE = YES_ERROR;
				CLANG_WARN_DOCUMENTATION_COMMENTS = YES;
				CLANG_WARN_EMPTY_BODY = YES;
				CLANG_WARN_ENUM_CONVERSION = YES;
				CLANG_WARN_INFINITE_RECURSION = YES;
				CLANG_WARN_INT_CONVERSION = YES;
				CLANG_WARN_NON_LITERAL_NULL_CONVERSION = YES;
				CLANG_WARN_OBJC_IMPLICIT_RETAIN_SELF = YES;
				CLANG_WARN_OBJC_LITERAL_CONVERSION = YES;
				CLANG_WARN_OBJC_ROOT_CLASS = YES_ERROR;
				CLANG_WARN_QUOTED_INCLUDE_IN_FRAMEWORK_HEADER = YES;
				CLANG_WARN_RANGE_LOOP_ANALYSIS = YES;
				CLANG_WARN_STRICT_PROTOTYPES = YES;
				CLANG_WARN_SUSPICIOUS_MOVE = YES;
				CLANG_WARN_UNGUARDED_AVAILABILITY = YES_AGGRESSIVE;
				CLANG_WARN_UNREACHABLE_CODE = YES;
				CLANG_WARN__DUPLICATE_METHOD_MATCH = YES;
				COPY_PHASE_STRIP = NO;
				DEBUG_INFORMATION_FORMAT = "dwarf-with-dsym";
				ENABLE_NS_ASSERTIONS = NO;
				ENABLE_STRICT_OBJC_MSGSEND = YES;
				ENABLE_USER_SCRIPT_SANDBOXING = YES;
				GCC_C_LANGUAGE_STANDARD = gnu17;
				GCC_NO_COMMON_BLOCKS = YES;
				GCC_WARN_64_TO_32_BIT_CONVERSION = YES;
				GCC_WARN_ABOUT_RETURN_TYPE = YES_ERROR;
				GCC_WARN_UNDECLARED_SELECTOR = YES;
				GCC_WARN_UNINITIALIZED_AUTOS = YES_AGGRESSIVE;
				GCC_WARN_UNUSED_FUNCTION = YES;
				GCC_WARN_UNUSED_VARIABLE = YES;
				IPHONEOS_DEPLOYMENT_TARGET = 17.0;
				LOCALIZATION_PREFERS_STRING_CATALOGS = YES;
				MTL_ENABLE_DEBUG_INFO = NO;
				MTL_FAST_MATH = YES;
				SDKROOT = iphoneos;
				SWIFT_COMPILATION_MODE = wholemodule;
				VALIDATE_PRODUCT = YES;
			};
			name = Release;
		};
		1FB9BEB72AF0EE2F00F3023E /* Debug */ = {
			isa = XCBuildConfiguration;
			buildSettings = {
				ASSETCATALOG_COMPILER_APPICON_NAME = AppIcon;
				ASSETCATALOG_COMPILER_GLOBAL_ACCENT_COLOR_NAME = AccentColor;
				CODE_SIGN_STYLE = Automatic;
				CURRENT_PROJECT_VERSION = 1;
				DEVELOPMENT_ASSET_PATHS = "\"Scrumdinger/Preview Content\"";
				DEVELOPMENT_TEAM = J33LPY9YD2;
				ENABLE_PREVIEWS = YES;
				GENERATE_INFOPLIST_FILE = YES;
				INFOPLIST_KEY_UIApplicationSceneManifest_Generation = YES;
				INFOPLIST_KEY_UIApplicationSupportsIndirectInputEvents = YES;
				INFOPLIST_KEY_UILaunchScreen_Generation = YES;
				INFOPLIST_KEY_UISupportedInterfaceOrientations_iPad = "UIInterfaceOrientationPortrait UIInterfaceOrientationPortraitUpsideDown UIInterfaceOrientationLandscapeLeft UIInterfaceOrientationLandscapeRight";
				INFOPLIST_KEY_UISupportedInterfaceOrientations_iPhone = "UIInterfaceOrientationPortrait UIInterfaceOrientationLandscapeLeft UIInterfaceOrientationLandscapeRight";
				LD_RUNPATH_SEARCH_PATHS = (
					"$(inherited)",
					"@executable_path/Frameworks",
				);
				MARKETING_VERSION = 1.0;
				PRODUCT_BUNDLE_IDENTIFIER = MaFa.Scrumdinger;
				PRODUCT_NAME = "$(TARGET_NAME)";
				SWIFT_EMIT_LOC_STRINGS = YES;
				SWIFT_VERSION = 5.0;
				TARGETED_DEVICE_FAMILY = "1,2";
			};
			name = Debug;
		};
		1FB9BEB82AF0EE2F00F3023E /* Release */ = {
			isa = XCBuildConfiguration;
			buildSettings = {
				ASSETCATALOG_COMPILER_APPICON_NAME = AppIcon;
				ASSETCATALOG_COMPILER_GLOBAL_ACCENT_COLOR_NAME = AccentColor;
				CODE_SIGN_STYLE = Automatic;
				CURRENT_PROJECT_VERSION = 1;
				DEVELOPMENT_ASSET_PATHS = "\"Scrumdinger/Preview Content\"";
				DEVELOPMENT_TEAM = J33LPY9YD2;
				ENABLE_PREVIEWS = YES;
				GENERATE_INFOPLIST_FILE = YES;
				INFOPLIST_KEY_UIApplicationSceneManifest_Generation = YES;
				INFOPLIST_KEY_UIApplicationSupportsIndirectInputEvents = YES;
				INFOPLIST_KEY_UILaunchScreen_Generation = YES;
				INFOPLIST_KEY_UISupportedInterfaceOrientations_iPad = "UIInterfaceOrientationPortrait UIInterfaceOrientationPortraitUpsideDown UIInterfaceOrientationLandscapeLeft UIInterfaceOrientationLandscapeRight";
				INFOPLIST_KEY_UISupportedInterfaceOrientations_iPhone = "UIInterfaceOrientationPortrait UIInterfaceOrientationLandscapeLeft UIInterfaceOrientationLandscapeRight";
				LD_RUNPATH_SEARCH_PATHS = (
					"$(inherited)",
					"@executable_path/Frameworks",
				);
				MARKETING_VERSION = 1.0;
				PRODUCT_BUNDLE_IDENTIFIER = MaFa.Scrumdinger;
				PRODUCT_NAME = "$(TARGET_NAME)";
				SWIFT_EMIT_LOC_STRINGS = YES;
				SWIFT_VERSION = 5.0;
				TARGETED_DEVICE_FAMILY = "1,2";
			};
			name = Release;
		};
		1FB9BEBA2AF0EE2F00F3023E /* Debug */ = {
			isa = XCBuildConfiguration;
			buildSettings = {
				ALWAYS_EMBED_SWIFT_STANDARD_LIBRARIES = YES;
				BUNDLE_LOADER = "$(TEST_HOST)";
				CODE_SIGN_STYLE = Automatic;
				CURRENT_PROJECT_VERSION = 1;
				DEVELOPMENT_TEAM = J33LPY9YD2;
				GENERATE_INFOPLIST_FILE = YES;
				IPHONEOS_DEPLOYMENT_TARGET = 17.0;
				MARKETING_VERSION = 1.0;
				PRODUCT_BUNDLE_IDENTIFIER = MaFa.ScrumdingerTests;
				PRODUCT_NAME = "$(TARGET_NAME)";
				SWIFT_EMIT_LOC_STRINGS = NO;
				SWIFT_VERSION = 5.0;
				TARGETED_DEVICE_FAMILY = "1,2";
				TEST_HOST = "$(BUILT_PRODUCTS_DIR)/Scrumdinger.app/$(BUNDLE_EXECUTABLE_FOLDER_PATH)/Scrumdinger";
			};
			name = Debug;
		};
		1FB9BEBB2AF0EE2F00F3023E /* Release */ = {
			isa = XCBuildConfiguration;
			buildSettings = {
				ALWAYS_EMBED_SWIFT_STANDARD_LIBRARIES = YES;
				BUNDLE_LOADER = "$(TEST_HOST)";
				CODE_SIGN_STYLE = Automatic;
				CURRENT_PROJECT_VERSION = 1;
				DEVELOPMENT_TEAM = J33LPY9YD2;
				GENERATE_INFOPLIST_FILE = YES;
				IPHONEOS_DEPLOYMENT_TARGET = 17.0;
				MARKETING_VERSION = 1.0;
				PRODUCT_BUNDLE_IDENTIFIER = MaFa.ScrumdingerTests;
				PRODUCT_NAME = "$(TARGET_NAME)";
				SWIFT_EMIT_LOC_STRINGS = NO;
				SWIFT_VERSION = 5.0;
				TARGETED_DEVICE_FAMILY = "1,2";
				TEST_HOST = "$(BUILT_PRODUCTS_DIR)/Scrumdinger.app/$(BUNDLE_EXECUTABLE_FOLDER_PATH)/Scrumdinger";
			};
			name = Release;
		};
		1FB9BEBD2AF0EE2F00F3023E /* Debug */ = {
			isa = XCBuildConfiguration;
			buildSettings = {
				ALWAYS_EMBED_SWIFT_STANDARD_LIBRARIES = YES;
				CODE_SIGN_STYLE = Automatic;
				CURRENT_PROJECT_VERSION = 1;
				DEVELOPMENT_TEAM = J33LPY9YD2;
				GENERATE_INFOPLIST_FILE = YES;
				MARKETING_VERSION = 1.0;
				PRODUCT_BUNDLE_IDENTIFIER = MaFa.ScrumdingerUITests;
				PRODUCT_NAME = "$(TARGET_NAME)";
				SWIFT_EMIT_LOC_STRINGS = NO;
				SWIFT_VERSION = 5.0;
				TARGETED_DEVICE_FAMILY = "1,2";
				TEST_TARGET_NAME = Scrumdinger;
			};
			name = Debug;
		};
		1FB9BEBE2AF0EE2F00F3023E /* Release */ = {
			isa = XCBuildConfiguration;
			buildSettings = {
				ALWAYS_EMBED_SWIFT_STANDARD_LIBRARIES = YES;
				CODE_SIGN_STYLE = Automatic;
				CURRENT_PROJECT_VERSION = 1;
				DEVELOPMENT_TEAM = J33LPY9YD2;
				GENERATE_INFOPLIST_FILE = YES;
				MARKETING_VERSION = 1.0;
				PRODUCT_BUNDLE_IDENTIFIER = MaFa.ScrumdingerUITests;
				PRODUCT_NAME = "$(TARGET_NAME)";
				SWIFT_EMIT_LOC_STRINGS = NO;
				SWIFT_VERSION = 5.0;
				TARGETED_DEVICE_FAMILY = "1,2";
				TEST_TARGET_NAME = Scrumdinger;
			};
			name = Release;
		};
/* End XCBuildConfiguration section */

/* Begin XCConfigurationList section */
		1FB9BE8D2AF0EE2D00F3023E /* Build configuration list for PBXProject "Scrumdinger" */ = {
			isa = XCConfigurationList;
			buildConfigurations = (
				1FB9BEB42AF0EE2F00F3023E /* Debug */,
				1FB9BEB52AF0EE2F00F3023E /* Release */,
			);
			defaultConfigurationIsVisible = 0;
			defaultConfigurationName = Release;
		};
		1FB9BEB62AF0EE2F00F3023E /* Build configuration list for PBXNativeTarget "Scrumdinger" */ = {
			isa = XCConfigurationList;
			buildConfigurations = (
				1FB9BEB72AF0EE2F00F3023E /* Debug */,
				1FB9BEB82AF0EE2F00F3023E /* Release */,
			);
			defaultConfigurationIsVisible = 0;
			defaultConfigurationName = Release;
		};
		1FB9BEB92AF0EE2F00F3023E /* Build configuration list for PBXNativeTarget "ScrumdingerTests" */ = {
			isa = XCConfigurationList;
			buildConfigurations = (
				1FB9BEBA2AF0EE2F00F3023E /* Debug */,
				1FB9BEBB2AF0EE2F00F3023E /* Release */,
			);
			defaultConfigurationIsVisible = 0;
			defaultConfigurationName = Release;
		};
		1FB9BEBC2AF0EE2F00F3023E /* Build configuration list for PBXNativeTarget "ScrumdingerUITests" */ = {
			isa = XCConfigurationList;
			buildConfigurations = (
				1FB9BEBD2AF0EE2F00F3023E /* Debug */,
				1FB9BEBE2AF0EE2F00F3023E /* Release */,
			);
			defaultConfigurationIsVisible = 0;
			defaultConfigurationName = Release;
		};
/* End XCConfigurationList section */
	};
	rootObject = 1FB9BE8A2AF0EE2D00F3023E /* Project object */;
}
